
Microsoft Visual Studio Solution File, Format Version 12.00
# Visual Studio Version 16
VisualStudioVersion = 16.0.29326.143
MinimumVisualStudioVersion = 10.0.40219.1
Project("{9A19103F-16F7-4668-BE54-9A1E7A4F7556}") = "Frontend", "Frontend\Frontend.csproj", "{CD9672A5-4DB4-4F68-ADDF-D1ADAD288DF7}"
EndProject
Project("{9A19103F-16F7-4668-BE54-9A1E7A4F7556}") = "Settings", "Settings\Settings.csproj", "{7A0C2C0B-E240-41EE-8FFC-BE34A5D4394E}"
EndProject
Project("{9A19103F-16F7-4668-BE54-9A1E7A4F7556}") = "YahtzeeContract", "YahtzeeContract\YahtzeeContract.csproj", "{8663B309-B26F-48C9-B548-86CBF65F75E8}"
EndProject
Project("{9A19103F-16F7-4668-BE54-9A1E7A4F7556}") = "Yahtzee", "Yahtzee\Yahtzee.csproj", "{DA0084B6-4ED9-4C09-812C-D602BB9D4AF1}"
EndProject
Global
	GlobalSection(SolutionConfigurationPlatforms) = preSolution
		Debug|Any CPU = Debug|Any CPU
		Release|Any CPU = Release|Any CPU
	EndGlobalSection
	GlobalSection(ProjectConfigurationPlatforms) = postSolution
		{CD9672A5-4DB4-4F68-ADDF-D1ADAD288DF7}.Debug|Any CPU.ActiveCfg = Debug|Any CPU
		{CD9672A5-4DB4-4F68-ADDF-D1ADAD288DF7}.Debug|Any CPU.Build.0 = Debug|Any CPU
		{CD9672A5-4DB4-4F68-ADDF-D1ADAD288DF7}.Release|Any CPU.ActiveCfg = Release|Any CPU
		{CD9672A5-4DB4-4F68-ADDF-D1ADAD288DF7}.Release|Any CPU.Build.0 = Release|Any CPU
		{7A0C2C0B-E240-41EE-8FFC-BE34A5D4394E}.Debug|Any CPU.ActiveCfg = Debug|Any CPU
		{7A0C2C0B-E240-41EE-8FFC-BE34A5D4394E}.Debug|Any CPU.Build.0 = Debug|Any CPU
		{7A0C2C0B-E240-41EE-8FFC-BE34A5D4394E}.Release|Any CPU.ActiveCfg = Release|Any CPU
		{7A0C2C0B-E240-41EE-8FFC-BE34A5D4394E}.Release|Any CPU.Build.0 = Release|Any CPU
		{8663B309-B26F-48C9-B548-86CBF65F75E8}.Debug|Any CPU.ActiveCfg = Debug|Any CPU
		{8663B309-B26F-48C9-B548-86CBF65F75E8}.Debug|Any CPU.Build.0 = Debug|Any CPU
		{8663B309-B26F-48C9-B548-86CBF65F75E8}.Release|Any CPU.ActiveCfg = Release|Any CPU
		{8663B309-B26F-48C9-B548-86CBF65F75E8}.Release|Any CPU.Build.0 = Release|Any CPU
		{DA0084B6-4ED9-4C09-812C-D602BB9D4AF1}.Debug|Any CPU.ActiveCfg = Debug|Any CPU
		{DA0084B6-4ED9-4C09-812C-D602BB9D4AF1}.Debug|Any CPU.Build.0 = Debug|Any CPU
		{DA0084B6-4ED9-4C09-812C-D602BB9D4AF1}.Release|Any CPU.ActiveCfg = Release|Any CPU
		{DA0084B6-4ED9-4C09-812C-D602BB9D4AF1}.Release|Any CPU.Build.0 = Release|Any CPU
	EndGlobalSection
	GlobalSection(SolutionProperties) = preSolution
		HideSolutionNode = FALSE
	EndGlobalSection
	GlobalSection(ExtensibilityGlobals) = postSolution
		SolutionGuid = {96CFC617-3F98-4193-B049-E94DDC4F716C}
	EndGlobalSection
EndGlobal
